// !$*UTF8*$!
{
	archiveVersion = 1;
	classes = {
	};
	objectVersion = 46;
	objects = {

/* Begin PBXBuildFile section */
		A432B7721A91FE3200C05207 /* KeyboardDoneView.m in Sources */ = {isa = PBXBuildFile; fileRef = A432B7711A91FE3200C05207 /* KeyboardDoneView.m */; };
		A432B7741A91FE4E00C05207 /* KeyboardDoneView.xib in Resources */ = {isa = PBXBuildFile; fileRef = A432B7731A91FE4E00C05207 /* KeyboardDoneView.xib */; };
		A4EBE4BD1A83760700798EF4 /* main.m in Sources */ = {isa = PBXBuildFile; fileRef = A4EBE4BC1A83760700798EF4 /* main.m */; };
		A4EBE4C01A83760700798EF4 /* AppDelegate.m in Sources */ = {isa = PBXBuildFile; fileRef = A4EBE4BF1A83760700798EF4 /* AppDelegate.m */; };
		A4EBE4C31A83760700798EF4 /* SimplePickerViewController.xcdatamodeld in Sources */ = {isa = PBXBuildFile; fileRef = A4EBE4C11A83760700798EF4 /* SimplePickerViewController.xcdatamodeld */; };
		A4EBE4CB1A83760700798EF4 /* Images.xcassets in Resources */ = {isa = PBXBuildFile; fileRef = A4EBE4CA1A83760700798EF4 /* Images.xcassets */; };
		A4EBE4DA1A83760700798EF4 /* SimplePickerViewControllerTests.m in Sources */ = {isa = PBXBuildFile; fileRef = A4EBE4D91A83760700798EF4 /* SimplePickerViewControllerTests.m */; };
		A4EBE4E71A8376C900798EF4 /* SimplePickerViewController.m in Sources */ = {isa = PBXBuildFile; fileRef = A4EBE4E51A8376C900798EF4 /* SimplePickerViewController.m */; };
		A4EBE4E81A8376C900798EF4 /* SimplePickerViewController.xib in Resources */ = {isa = PBXBuildFile; fileRef = A4EBE4E61A8376C900798EF4 /* SimplePickerViewController.xib */; };
		A4EBE4EB1A837A0200798EF4 /* picker_giftPack.png in Resources */ = {isa = PBXBuildFile; fileRef = A4EBE4EA1A837A0200798EF4 /* picker_giftPack.png */; };
/* End PBXBuildFile section */

/* Begin PBXContainerItemProxy section */
		A4EBE4D41A83760700798EF4 /* PBXContainerItemProxy */ = {
			isa = PBXContainerItemProxy;
			containerPortal = A4EBE4AF1A83760700798EF4 /* Project object */;
			proxyType = 1;
			remoteGlobalIDString = A4EBE4B61A83760700798EF4;
			remoteInfo = SimplePickerViewController;
		};
/* End PBXContainerItemProxy section */

/* Begin PBXFileReference section */
		A432B7701A91FE3200C05207 /* KeyboardDoneView.h */ = {isa = PBXFileReference; fileEncoding = 4; lastKnownFileType = sourcecode.c.h; path = KeyboardDoneView.h; sourceTree = "<group>"; };
		A432B7711A91FE3200C05207 /* KeyboardDoneView.m */ = {isa = PBXFileReference; fileEncoding = 4; lastKnownFileType = sourcecode.c.objc; path = KeyboardDoneView.m; sourceTree = "<group>"; };
		A432B7731A91FE4E00C05207 /* KeyboardDoneView.xib */ = {isa = PBXFileReference; fileEncoding = 4; lastKnownFileType = file.xib; path = KeyboardDoneView.xib; sourceTree = "<group>"; };
		A4EBE4B71A83760700798EF4 /* SimplePickerViewController.app */ = {isa = PBXFileReference; explicitFileType = wrapper.application; includeInIndex = 0; path = SimplePickerViewController.app; sourceTree = BUILT_PRODUCTS_DIR; };
		A4EBE4BB1A83760700798EF4 /* Info.plist */ = {isa = PBXFileReference; lastKnownFileType = text.plist.xml; path = Info.plist; sourceTree = "<group>"; };
		A4EBE4BC1A83760700798EF4 /* main.m */ = {isa = PBXFileReference; lastKnownFileType = sourcecode.c.objc; path = main.m; sourceTree = "<group>"; };
		A4EBE4BE1A83760700798EF4 /* AppDelegate.h */ = {isa = PBXFileReference; lastKnownFileType = sourcecode.c.h; path = AppDelegate.h; sourceTree = "<group>"; };
		A4EBE4BF1A83760700798EF4 /* AppDelegate.m */ = {isa = PBXFileReference; lastKnownFileType = sourcecode.c.objc; path = AppDelegate.m; sourceTree = "<group>"; };
		A4EBE4C21A83760700798EF4 /* SimplePickerViewController.xcdatamodel */ = {isa = PBXFileReference; lastKnownFileType = wrapper.xcdatamodel; path = SimplePickerViewController.xcdatamodel; sourceTree = "<group>"; };
		A4EBE4CA1A83760700798EF4 /* Images.xcassets */ = {isa = PBXFileReference; lastKnownFileType = folder.assetcatalog; path = Images.xcassets; sourceTree = "<group>"; };
		A4EBE4D31A83760700798EF4 /* SimplePickerViewControllerTests.xctest */ = {isa = PBXFileReference; explicitFileType = wrapper.cfbundle; includeInIndex = 0; path = SimplePickerViewControllerTests.xctest; sourceTree = BUILT_PRODUCTS_DIR; };
		A4EBE4D81A83760700798EF4 /* Info.plist */ = {isa = PBXFileReference; lastKnownFileType = text.plist.xml; path = Info.plist; sourceTree = "<group>"; };
		A4EBE4D91A83760700798EF4 /* SimplePickerViewControllerTests.m */ = {isa = PBXFileReference; lastKnownFileType = sourcecode.c.objc; path = SimplePickerViewControllerTests.m; sourceTree = "<group>"; };
		A4EBE4E41A8376C900798EF4 /* SimplePickerViewController.h */ = {isa = PBXFileReference; fileEncoding = 4; lastKnownFileType = sourcecode.c.h; path = SimplePickerViewController.h; sourceTree = "<group>"; };
		A4EBE4E51A8376C900798EF4 /* SimplePickerViewController.m */ = {isa = PBXFileReference; fileEncoding = 4; lastKnownFileType = sourcecode.c.objc; path = SimplePickerViewController.m; sourceTree = "<group>"; };
		A4EBE4E61A8376C900798EF4 /* SimplePickerViewController.xib */ = {isa = PBXFileReference; fileEncoding = 4; lastKnownFileType = file.xib; path = SimplePickerViewController.xib; sourceTree = "<group>"; };
		A4EBE4EA1A837A0200798EF4 /* picker_giftPack.png */ = {isa = PBXFileReference; lastKnownFileType = image.png; path = picker_giftPack.png; sourceTree = "<group>"; };
/* End PBXFileReference section */

/* Begin PBXFrameworksBuildPhase section */
		A4EBE4B41A83760700798EF4 /* Frameworks */ = {
			isa = PBXFrameworksBuildPhase;
			buildActionMask = 2147483647;
			files = (
			);
			runOnlyForDeploymentPostprocessing = 0;
		};
		A4EBE4D01A83760700798EF4 /* Frameworks */ = {
			isa = PBXFrameworksBuildPhase;
			buildActionMask = 2147483647;
			files = (
			);
			runOnlyForDeploymentPostprocessing = 0;
		};
/* End PBXFrameworksBuildPhase section */

/* Begin PBXGroup section */
		A432B7641A91E83300C05207 /* Utils */ = {
			isa = PBXGroup;
			children = (
				A432B7651A91E84800C05207 /* KeyboardDoneView */,
			);
			path = Utils;
			sourceTree = "<group>";
		};
		A432B7651A91E84800C05207 /* KeyboardDoneView */ = {
			isa = PBXGroup;
			children = (
				A432B7701A91FE3200C05207 /* KeyboardDoneView.h */,
				A432B7711A91FE3200C05207 /* KeyboardDoneView.m */,
				A432B7731A91FE4E00C05207 /* KeyboardDoneView.xib */,
			);
			path = KeyboardDoneView;
			sourceTree = "<group>";
		};
		A4EBE4AE1A83760700798EF4 = {
			isa = PBXGroup;
			children = (
				A4EBE4B91A83760700798EF4 /* SimplePickerViewController */,
				A4EBE4D61A83760700798EF4 /* SimplePickerViewControllerTests */,
				A4EBE4B81A83760700798EF4 /* Products */,
			);
			sourceTree = "<group>";
		};
		A4EBE4B81A83760700798EF4 /* Products */ = {
			isa = PBXGroup;
			children = (
				A4EBE4B71A83760700798EF4 /* SimplePickerViewController.app */,
				A4EBE4D31A83760700798EF4 /* SimplePickerViewControllerTests.xctest */,
			);
			name = Products;
			sourceTree = "<group>";
		};
		A4EBE4B91A83760700798EF4 /* SimplePickerViewController */ = {
			isa = PBXGroup;
			children = (
				A432B7641A91E83300C05207 /* Utils */,
				A4EBE4E91A8379FA00798EF4 /* images */,
				A4EBE4E31A8376A500798EF4 /* ViewController */,
				A4EBE4BE1A83760700798EF4 /* AppDelegate.h */,
				A4EBE4BF1A83760700798EF4 /* AppDelegate.m */,
				A4EBE4BA1A83760700798EF4 /* Supporting Files */,
				A4EBE4CA1A83760700798EF4 /* Images.xcassets */,
				A4EBE4C11A83760700798EF4 /* SimplePickerViewController.xcdatamodeld */,
			);
			path = SimplePickerViewController;
			sourceTree = "<group>";
		};
		A4EBE4BA1A83760700798EF4 /* Supporting Files */ = {
			isa = PBXGroup;
			children = (
				A4EBE4BB1A83760700798EF4 /* Info.plist */,
				A4EBE4BC1A83760700798EF4 /* main.m */,
			);
			name = "Supporting Files";
			sourceTree = "<group>";
		};
		A4EBE4D61A83760700798EF4 /* SimplePickerViewControllerTests */ = {
			isa = PBXGroup;
			children = (
				A4EBE4D91A83760700798EF4 /* SimplePickerViewControllerTests.m */,
				A4EBE4D71A83760700798EF4 /* Supporting Files */,
			);
			path = SimplePickerViewControllerTests;
			sourceTree = "<group>";
		};
		A4EBE4D71A83760700798EF4 /* Supporting Files */ = {
			isa = PBXGroup;
			children = (
				A4EBE4D81A83760700798EF4 /* Info.plist */,
			);
			name = "Supporting Files";
			sourceTree = "<group>";
		};
		A4EBE4E31A8376A500798EF4 /* ViewController */ = {
			isa = PBXGroup;
			children = (
				A4EBE4E41A8376C900798EF4 /* SimplePickerViewController.h */,
				A4EBE4E51A8376C900798EF4 /* SimplePickerViewController.m */,
				A4EBE4E61A8376C900798EF4 /* SimplePickerViewController.xib */,
			);
			path = ViewController;
			sourceTree = "<group>";
		};
		A4EBE4E91A8379FA00798EF4 /* images */ = {
			isa = PBXGroup;
			children = (
				A4EBE4EA1A837A0200798EF4 /* picker_giftPack.png */,
			);
			path = images;
			sourceTree = "<group>";
		};
/* End PBXGroup section */

/* Begin PBXNativeTarget section */
		A4EBE4B61A83760700798EF4 /* SimplePickerViewController */ = {
			isa = PBXNativeTarget;
			buildConfigurationList = A4EBE4DD1A83760700798EF4 /* Build configuration list for PBXNativeTarget "SimplePickerViewController" */;
			buildPhases = (
				A4EBE4B31A83760700798EF4 /* Sources */,
				A4EBE4B41A83760700798EF4 /* Frameworks */,
				A4EBE4B51A83760700798EF4 /* Resources */,
			);
			buildRules = (
			);
			dependencies = (
			);
			name = SimplePickerViewController;
			productName = SimplePickerViewController;
			productReference = A4EBE4B71A83760700798EF4 /* SimplePickerViewController.app */;
			productType = "com.apple.product-type.application";
		};
		A4EBE4D21A83760700798EF4 /* SimplePickerViewControllerTests */ = {
			isa = PBXNativeTarget;
			buildConfigurationList = A4EBE4E01A83760700798EF4 /* Build configuration list for PBXNativeTarget "SimplePickerViewControllerTests" */;
			buildPhases = (
				A4EBE4CF1A83760700798EF4 /* Sources */,
				A4EBE4D01A83760700798EF4 /* Frameworks */,
				A4EBE4D11A83760700798EF4 /* Resources */,
			);
			buildRules = (
			);
			dependencies = (
				A4EBE4D51A83760700798EF4 /* PBXTargetDependency */,
			);
			name = SimplePickerViewControllerTests;
			productName = SimplePickerViewControllerTests;
			productReference = A4EBE4D31A83760700798EF4 /* SimplePickerViewControllerTests.xctest */;
			productType = "com.apple.product-type.bundle.unit-test";
		};
/* End PBXNativeTarget section */

/* Begin PBXProject section */
		A4EBE4AF1A83760700798EF4 /* Project object */ = {
			isa = PBXProject;
			attributes = {
				LastUpgradeCheck = 0610;
				ORGANIZATIONNAME = Markafoni;
				TargetAttributes = {
					A4EBE4B61A83760700798EF4 = {
						CreatedOnToolsVersion = 6.1.1;
					};
					A4EBE4D21A83760700798EF4 = {
						CreatedOnToolsVersion = 6.1.1;
						TestTargetID = A4EBE4B61A83760700798EF4;
					};
				};
			};
			buildConfigurationList = A4EBE4B21A83760700798EF4 /* Build configuration list for PBXProject "SimplePickerViewController" */;
			compatibilityVersion = "Xcode 3.2";
			developmentRegion = English;
			hasScannedForEncodings = 0;
			knownRegions = (
				en,
				Base,
			);
			mainGroup = A4EBE4AE1A83760700798EF4;
			productRefGroup = A4EBE4B81A83760700798EF4 /* Products */;
			projectDirPath = "";
			projectRoot = "";
			targets = (
				A4EBE4B61A83760700798EF4 /* SimplePickerViewController */,
				A4EBE4D21A83760700798EF4 /* SimplePickerViewControllerTests */,
			);
		};
/* End PBXProject section */

/* Begin PBXResourcesBuildPhase section */
		A4EBE4B51A83760700798EF4 /* Resources */ = {
			isa = PBXResourcesBuildPhase;
			buildActionMask = 2147483647;
			files = (
				A4EBE4E81A8376C900798EF4 /* SimplePickerViewController.xib in Resources */,
				A4EBE4EB1A837A0200798EF4 /* picker_giftPack.png in Resources */,
				A4EBE4CB1A83760700798EF4 /* Images.xcassets in Resources */,
				A432B7741A91FE4E00C05207 /* KeyboardDoneView.xib in Resources */,
			);
			runOnlyForDeploymentPostprocessing = 0;
		};
		A4EBE4D11A83760700798EF4 /* Resources */ = {
			isa = PBXResourcesBuildPhase;
			buildActionMask = 2147483647;
			files = (
			);
			runOnlyForDeploymentPostprocessing = 0;
		};
/* End PBXResourcesBuildPhase section */

/* Begin PBXSourcesBuildPhase section */
		A4EBE4B31A83760700798EF4 /* Sources */ = {
			isa = PBXSourcesBuildPhase;
			buildActionMask = 2147483647;
			files = (
				A4EBE4C01A83760700798EF4 /* AppDelegate.m in Sources */,
				A4EBE4C31A83760700798EF4 /* SimplePickerViewController.xcdatamodeld in Sources */,
				A4EBE4E71A8376C900798EF4 /* SimplePickerViewController.m in Sources */,
				A4EBE4BD1A83760700798EF4 /* main.m in Sources */,
				A432B7721A91FE3200C05207 /* KeyboardDoneView.m in Sources */,
			);
			runOnlyForDeploymentPostprocessing = 0;
		};
		A4EBE4CF1A83760700798EF4 /* Sources */ = {
			isa = PBXSourcesBuildPhase;
			buildActionMask = 2147483647;
			files = (
				A4EBE4DA1A83760700798EF4 /* SimplePickerViewControllerTests.m in Sources */,
			);
			runOnlyForDeploymentPostprocessing = 0;
		};
/* End PBXSourcesBuildPhase section */

/* Begin PBXTargetDependency section */
		A4EBE4D51A83760700798EF4 /* PBXTargetDependency */ = {
			isa = PBXTargetDependency;
			target = A4EBE4B61A83760700798EF4 /* SimplePickerViewController */;
			targetProxy = A4EBE4D41A83760700798EF4 /* PBXContainerItemProxy */;
		};
/* End PBXTargetDependency section */

/* Begin XCBuildConfiguration section */
		A4EBE4DB1A83760700798EF4 /* Debug */ = {
			isa = XCBuildConfiguration;
			buildSettings = {
				ALWAYS_SEARCH_USER_PATHS = NO;
				CLANG_CXX_LANGUAGE_STANDARD = "gnu++0x";
				CLANG_CXX_LIBRARY = "libc++";
				CLANG_ENABLE_MODULES = YES;
				CLANG_ENABLE_OBJC_ARC = YES;
				CLANG_WARN_BOOL_CONVERSION = YES;
				CLANG_WARN_CONSTANT_CONVERSION = YES;
				CLANG_WARN_DIRECT_OBJC_ISA_USAGE = YES_ERROR;
				CLANG_WARN_EMPTY_BODY = YES;
				CLANG_WARN_ENUM_CONVERSION = YES;
				CLANG_WARN_INT_CONVERSION = YES;
				CLANG_WARN_OBJC_ROOT_CLASS = YES_ERROR;
				CLANG_WARN_UNREACHABLE_CODE = YES;
				CLANG_WARN__DUPLICATE_METHOD_MATCH = YES;
				"CODE_SIGN_IDENTITY[sdk=iphoneos*]" = "iPhone Developer";
				COPY_PHASE_STRIP = NO;
				ENABLE_STRICT_OBJC_MSGSEND = YES;
				GCC_C_LANGUAGE_STANDARD = gnu99;
				GCC_DYNAMIC_NO_PIC = NO;
				GCC_OPTIMIZATION_LEVEL = 0;
				GCC_PREPROCESSOR_DEFINITIONS = (
					"DEBUG=1",
					"$(inherited)",
				);
				GCC_SYMBOLS_PRIVATE_EXTERN = NO;
				GCC_WARN_64_TO_32_BIT_CONVERSION = YES;
				GCC_WARN_ABOUT_RETURN_TYPE = YES_ERROR;
				GCC_WARN_UNDECLARED_SELECTOR = YES;
				GCC_WARN_UNINITIALIZED_AUTOS = YES_AGGRESSIVE;
				GCC_WARN_UNUSED_FUNCTION = YES;
				GCC_WARN_UNUSED_VARIABLE = YES;
				IPHONEOS_DEPLOYMENT_TARGET = 8.1;
				MTL_ENABLE_DEBUG_INFO = YES;
				ONLY_ACTIVE_ARCH = YES;
				SDKROOT = iphoneos;
			};
			name = Debug;
		};
		A4EBE4DC1A83760700798EF4 /* Release */ = {
			isa = XCBuildConfiguration;
			buildSettings = {
				ALWAYS_SEARCH_USER_PATHS = NO;
				CLANG_CXX_LANGUAGE_STANDARD = "gnu++0x";
				CLANG_CXX_LIBRARY = "libc++";
				CLANG_ENABLE_MODULES = YES;
				CLANG_ENABLE_OBJC_ARC = YES;
				CLANG_WARN_BOOL_CONVERSION = YES;
				CLANG_WARN_CONSTANT_CONVERSION = YES;
				CLANG_WARN_DIRECT_OBJC_ISA_USAGE = YES_ERROR;
				CLANG_WARN_EMPTY_BODY = YES;
				CLANG_WARN_ENUM_CONVERSION = YES;
				CLANG_WARN_INT_CONVERSION = YES;
				CLANG_WARN_OBJC_ROOT_CLASS = YES_ERROR;
				CLANG_WARN_UNREACHABLE_CODE = YES;
				CLANG_WARN__DUPLICATE_METHOD_MATCH = YES;
				"CODE_SIGN_IDENTITY[sdk=iphoneos*]" = "iPhone Developer";
				COPY_PHASE_STRIP = YES;
				ENABLE_NS_ASSERTIONS = NO;
				ENABLE_STRICT_OBJC_MSGSEND = YES;
				GCC_C_LANGUAGE_STANDARD = gnu99;
				GCC_WARN_64_TO_32_BIT_CONVERSION = YES;
				GCC_WARN_ABOUT_RETURN_TYPE = YES_ERROR;
				GCC_WARN_UNDECLARED_SELECTOR = YES;
				GCC_WARN_UNINITIALIZED_AUTOS = YES_AGGRESSIVE;
				GCC_WARN_UNUSED_FUNCTION = YES;
				GCC_WARN_UNUSED_VARIABLE = YES;
				IPHONEOS_DEPLOYMENT_TARGET = 8.1;
				MTL_ENABLE_DEBUG_INFO = NO;
				SDKROOT = iphoneos;
				VALIDATE_PRODUCT = YES;
			};
			name = Release;
		};
		A4EBE4DE1A83760700798EF4 /* Debug */ = {
			isa = XCBuildConfiguration;
			buildSettings = {
				ASSETCATALOG_COMPILER_APPICON_NAME = AppIcon;
				INFOPLIST_FILE = SimplePickerViewController/Info.plist;
				IPHONEOS_DEPLOYMENT_TARGET = 7.0;
				LD_RUNPATH_SEARCH_PATHS = "$(inherited) @executable_path/Frameworks";
				PRODUCT_NAME = "$(TARGET_NAME)";
			};
			name = Debug;
		};
		A4EBE4DF1A83760700798EF4 /* Release */ = {
			isa = XCBuildConfiguration;
			buildSettings = {
				ASSETCATALOG_COMPILER_APPICON_NAME = AppIcon;
				INFOPLIST_FILE = SimplePickerViewController/Info.plist;
				IPHONEOS_DEPLOYMENT_TARGET = 7.0;
				LD_RUNPATH_SEARCH_PATHS = "$(inherited) @executable_path/Frameworks";
				PRODUCT_NAME = "$(TARGET_NAME)";
			};
			name = Release;
		};
		A4EBE4E11A83760700798EF4 /* Debug */ = {
			isa = XCBuildConfiguration;
			buildSettings = {
				BUNDLE_LOADER = "$(TEST_HOST)";
				FRAMEWORK_SEARCH_PATHS = (
					"$(SDKROOT)/Developer/Library/Frameworks",
					"$(inherited)",
				);
				GCC_PREPROCESSOR_DEFINITIONS = (
					"DEBUG=1",
					"$(inherited)",
				);
				INFOPLIST_FILE = SimplePickerViewControllerTests/Info.plist;
				LD_RUNPATH_SEARCH_PATHS = "$(inherited) @executable_path/Frameworks @loader_path/Frameworks";
				PRODUCT_NAME = "$(TARGET_NAME)";
				TEST_HOST = "$(BUILT_PRODUCTS_DIR)/SimplePickerViewController.app/SimplePickerViewController";
			};
			name = Debug;
		};
		A4EBE4E21A83760700798EF4 /* Release */ = {
			isa = XCBuildConfiguration;
			buildSettings = {
				BUNDLE_LOADER = "$(TEST_HOST)";
				FRAMEWORK_SEARCH_PATHS = (
					"$(SDKROOT)/Developer/Library/Frameworks",
					"$(inherited)",
				);
				INFOPLIST_FILE = SimplePickerViewControllerTests/Info.plist;
				LD_RUNPATH_SEARCH_PATHS = "$(inherited) @executable_path/Frameworks @loader_path/Frameworks";
				PRODUCT_NAME = "$(TARGET_NAME)";
				TEST_HOST = "$(BUILT_PRODUCTS_DIR)/SimplePickerViewController.app/SimplePickerViewController";
			};
			name = Release;
		};
/* End XCBuildConfiguration section */

/* Begin XCConfigurationList section */
		A4EBE4B21A83760700798EF4 /* Build configuration list for PBXProject "SimplePickerViewController" */ = {
			isa = XCConfigurationList;
			buildConfigurations = (
				A4EBE4DB1A83760700798EF4 /* Debug */,
				A4EBE4DC1A83760700798EF4 /* Release */,
			);
			defaultConfigurationIsVisible = 0;
			defaultConfigurationName = Release;
		};
		A4EBE4DD1A83760700798EF4 /* Build configuration list for PBXNativeTarget "SimplePickerViewController" */ = {
			isa = XCConfigurationList;
			buildConfigurations = (
				A4EBE4DE1A83760700798EF4 /* Debug */,
				A4EBE4DF1A83760700798EF4 /* Release */,
			);
			defaultConfigurationIsVisible = 0;
			defaultConfigurationName = Release;
		};
		A4EBE4E01A83760700798EF4 /* Build configuration list for PBXNativeTarget "SimplePickerViewControllerTests" */ = {
			isa = XCConfigurationList;
			buildConfigurations = (
				A4EBE4E11A83760700798EF4 /* Debug */,
				A4EBE4E21A83760700798EF4 /* Release */,
			);
			defaultConfigurationIsVisible = 0;
			defaultConfigurationName = Release;
		};
/* End XCConfigurationList section */

/* Begin XCVersionGroup section */
		A4EBE4C11A83760700798EF4 /* SimplePickerViewController.xcdatamodeld */ = {
			isa = XCVersionGroup;
			children = (
				A4EBE4C21A83760700798EF4 /* SimplePickerViewController.xcdatamodel */,
			);
			currentVersion = A4EBE4C21A83760700798EF4 /* SimplePickerViewController.xcdatamodel */;
			path = SimplePickerViewController.xcdatamodeld;
			sourceTree = "<group>";
			versionGroupType = wrapper.xcdatamodel;
		};
/* End XCVersionGroup section */
	};
	rootObject = A4EBE4AF1A83760700798EF4 /* Project object */;
}
